
Microsoft Visual Studio Solution File, Format Version 12.00
# Visual Studio Version 16
VisualStudioVersion = 16.0.810.23
MinimumVisualStudioVersion = 10.0.40219.1
Project("{FAE04EC0-301F-11D3-BF4B-00C04F79EFBC}") = "HealthSafetyApp.Android", "HealthSafetyApp.Android\HealthSafetyApp.Android.csproj", "{3D161406-12B3-45EE-947C-9A28E4F45B87}"
EndProject
Project("{FAE04EC0-301F-11D3-BF4B-00C04F79EFBC}") = "HealthSafetyApp.iOS", "HealthSafetyApp.iOS\HealthSafetyApp.iOS.csproj", "{1FECDC38-1DEA-44D2-AB39-17A8EB005B3E}"
EndProject
Project("{9A19103F-16F7-4668-BE54-9A1E7A4F7556}") = "HealthSafetyApp", "HealthSafetyApp\HealthSafetyApp.csproj", "{2070002A-7B86-44EF-A53B-A60F7B025D2D}"
EndProject
Global
	GlobalSection(SolutionConfigurationPlatforms) = preSolution
		Debug|Any CPU = Debug|Any CPU
		Debug|iPhone = Debug|iPhone
		Debug|iPhoneSimulator = Debug|iPhoneSimulator
		Release|Any CPU = Release|Any CPU
		Release|iPhone = Release|iPhone
		Release|iPhoneSimulator = Release|iPhoneSimulator
	EndGlobalSection
	GlobalSection(ProjectConfigurationPlatforms) = postSolution
		{3D161406-12B3-45EE-947C-9A28E4F45B87}.Debug|Any CPU.ActiveCfg = Debug|Any CPU
		{3D161406-12B3-45EE-947C-9A28E4F45B87}.Debug|Any CPU.Build.0 = Debug|Any CPU
		{3D161406-12B3-45EE-947C-9A28E4F45B87}.Debug|Any CPU.Deploy.0 = Debug|Any CPU
		{3D161406-12B3-45EE-947C-9A28E4F45B87}.Debug|iPhone.ActiveCfg = Debug|Any CPU
		{3D161406-12B3-45EE-947C-9A28E4F45B87}.Debug|iPhone.Build.0 = Debug|Any CPU
		{3D161406-12B3-45EE-947C-9A28E4F45B87}.Debug|iPhoneSimulator.ActiveCfg = Debug|Any CPU
		{3D161406-12B3-45EE-947C-9A28E4F45B87}.Debug|iPhoneSimulator.Build.0 = Debug|Any CPU
		{3D161406-12B3-45EE-947C-9A28E4F45B87}.Release|Any CPU.ActiveCfg = Release|Any CPU
		{3D161406-12B3-45EE-947C-9A28E4F45B87}.Release|Any CPU.Build.0 = Release|Any CPU
		{3D161406-12B3-45EE-947C-9A28E4F45B87}.Release|iPhone.ActiveCfg = Release|Any CPU
		{3D161406-12B3-45EE-947C-9A28E4F45B87}.Release|iPhone.Build.0 = Release|Any CPU
		{3D161406-12B3-45EE-947C-9A28E4F45B87}.Release|iPhoneSimulator.ActiveCfg = Release|Any CPU
		{3D161406-12B3-45EE-947C-9A28E4F45B87}.Release|iPhoneSimulator.Build.0 = Release|Any CPU
		{1FECDC38-1DEA-44D2-AB39-17A8EB005B3E}.Debug|Any CPU.ActiveCfg = Debug|iPhoneSimulator
		{1FECDC38-1DEA-44D2-AB39-17A8EB005B3E}.Debug|Any CPU.Build.0 = Debug|iPhoneSimulator
		{1FECDC38-1DEA-44D2-AB39-17A8EB005B3E}.Debug|iPhone.ActiveCfg = Debug|iPhone
		{1FECDC38-1DEA-44D2-AB39-17A8EB005B3E}.Debug|iPhone.Build.0 = Debug|iPhone
		{1FECDC38-1DEA-44D2-AB39-17A8EB005B3E}.Debug|iPhoneSimulator.ActiveCfg = Debug|iPhoneSimulator
		{1FECDC38-1DEA-44D2-AB39-17A8EB005B3E}.Debug|iPhoneSimulator.Build.0 = Debug|iPhoneSimulator
		{1FECDC38-1DEA-44D2-AB39-17A8EB005B3E}.Release|Any CPU.ActiveCfg = Release|iPhoneSimulator
		{1FECDC38-1DEA-44D2-AB39-17A8EB005B3E}.Release|Any CPU.Build.0 = Release|iPhoneSimulator
		{1FECDC38-1DEA-44D2-AB39-17A8EB005B3E}.Release|iPhone.ActiveCfg = Release|iPhone
		{1FECDC38-1DEA-44D2-AB39-17A8EB005B3E}.Release|iPhone.Build.0 = Release|iPhone
		{1FECDC38-1DEA-44D2-AB39-17A8EB005B3E}.Release|iPhoneSimulator.ActiveCfg = Release|iPhoneSimulator
		{1FECDC38-1DEA-44D2-AB39-17A8EB005B3E}.Release|iPhoneSimulator.Build.0 = Release|iPhoneSimulator
		{2070002A-7B86-44EF-A53B-A60F7B025D2D}.Debug|Any CPU.ActiveCfg = Debug|Any CPU
		{2070002A-7B86-44EF-A53B-A60F7B025D2D}.Debug|Any CPU.Build.0 = Debug|Any CPU
		{2070002A-7B86-44EF-A53B-A60F7B025D2D}.Debug|iPhone.ActiveCfg = Debug|Any CPU
		{2070002A-7B86-44EF-A53B-A60F7B025D2D}.Debug|iPhone.Build.0 = Debug|Any CPU
		{2070002A-7B86-44EF-A53B-A60F7B025D2D}.Debug|iPhoneSimulator.ActiveCfg = Debug|Any CPU
		{2070002A-7B86-44EF-A53B-A60F7B025D2D}.Debug|iPhoneSimulator.Build.0 = Debug|Any CPU
		{2070002A-7B86-44EF-A53B-A60F7B025D2D}.Release|Any CPU.ActiveCfg = Release|Any CPU
		{2070002A-7B86-44EF-A53B-A60F7B025D2D}.Release|Any CPU.Build.0 = Release|Any CPU
		{2070002A-7B86-44EF-A53B-A60F7B025D2D}.Release|iPhone.ActiveCfg = Release|Any CPU
		{2070002A-7B86-44EF-A53B-A60F7B025D2D}.Release|iPhone.Build.0 = Release|Any CPU
		{2070002A-7B86-44EF-A53B-A60F7B025D2D}.Release|iPhoneSimulator.ActiveCfg = Release|Any CPU
		{2070002A-7B86-44EF-A53B-A60F7B025D2D}.Release|iPhoneSimulator.Build.0 = Release|Any CPU
	EndGlobalSection
	GlobalSection(SolutionProperties) = preSolution
		HideSolutionNode = FALSE
	EndGlobalSection
	GlobalSection(ExtensibilityGlobals) = postSolution
		SolutionGuid = {7074430C-6600-4F7D-85BA-60FA353C93EB}
	EndGlobalSection
EndGlobal
